
Microsoft Visual Studio Solution File, Format Version 12.00
# Visual Studio Version 17
VisualStudioVersion = 17.3.32929.385
MinimumVisualStudioVersion = 10.0.40219.1
Project("{9A19103F-16F7-4668-BE54-9A1E7A4F7556}") = "Web1670", "Web1670.csproj", "{A9F0E17D-EF46-4881-9389-C221902DB3B3}"
EndProject
Global
	GlobalSection(SolutionConfigurationPlatforms) = preSolution
		Debug|Any CPU = Debug|Any CPU
		Release|Any CPU = Release|Any CPU
	EndGlobalSection
	GlobalSection(ProjectConfigurationPlatforms) = postSolution
		{A9F0E17D-EF46-4881-9389-C221902DB3B3}.Debug|Any CPU.ActiveCfg = Debug|Any CPU
		{A9F0E17D-EF46-4881-9389-C221902DB3B3}.Debug|Any CPU.Build.0 = Debug|Any CPU
		{A9F0E17D-EF46-4881-9389-C221902DB3B3}.Release|Any CPU.ActiveCfg = Release|Any CPU
		{A9F0E17D-EF46-4881-9389-C221902DB3B3}.Release|Any CPU.Build.0 = Release|Any CPU
	EndGlobalSection
	GlobalSection(SolutionProperties) = preSolution
		HideSolutionNode = FALSE
	EndGlobalSection
	GlobalSection(ExtensibilityGlobals) = postSolution
		SolutionGuid = {53E009B6-A3E7-4843-A0A9-FD33821028DB}
	EndGlobalSection
EndGlobal
